hash: 65a05f917c7cb298b7cf9e105b7c31311fd0667acdb6f22449caa0751791f549
updated: 2018-04-20T14:52:22.6407621-04:00
imports:
- name: github.com/gorilla/mux
  version: 392c28fe23e1c45ddba891b0320b3b5df220beea
- name: github.com/stretchr/testify
  version: 69483b4bd14f5845b5a1e55bca19e954e827f1d0
  subpackages:
  - assert
- name: github.com/venicegeo/geojson-go
  version: 13c8a2a1f1ce1ed19225cf1ca8adcff1a5e37588
  subpackages:
  - geojson
- name: gopkg.in/urfave/cli.v1
  version: cfb38830724cc34fedffe9a2a29fb54fa9169cd1
testImports: []
